
Microsoft Visual Studio Solution File, Format Version 12.00
# Visual Studio Version 17
VisualStudioVersion = 17.3.32929.385
MinimumVisualStudioVersion = 10.0.40219.1
Project("{FAE04EC0-301F-11D3-BF4B-00C04F79EFBC}") = "OOP2", "OOP2.csproj", "{57FE5473-3BC3-4D9C-8F06-D6BA41D64FE6}"
EndProject
Global
	GlobalSection(SolutionConfigurationPlatforms) = preSolution
		Debug|Any CPU = Debug|Any CPU
		Release|Any CPU = Release|Any CPU
	EndGlobalSection
	GlobalSection(ProjectConfigurationPlatforms) = postSolution
		{57FE5473-3BC3-4D9C-8F06-D6BA41D64FE6}.Debug|Any CPU.ActiveCfg = Debug|Any CPU
		{57FE5473-3BC3-4D9C-8F06-D6BA41D64FE6}.Debug|Any CPU.Build.0 = Debug|Any CPU
		{57FE5473-3BC3-4D9C-8F06-D6BA41D64FE6}.Release|Any CPU.ActiveCfg = Release|Any CPU
		{57FE5473-3BC3-4D9C-8F06-D6BA41D64FE6}.Release|Any CPU.Build.0 = Release|Any CPU
	EndGlobalSection
	GlobalSection(SolutionProperties) = preSolution
		HideSolutionNode = FALSE
	EndGlobalSection
	GlobalSection(ExtensibilityGlobals) = postSolution
		SolutionGuid = {924CFEDB-8B26-4290-84C2-693D8AAFF24D}
	EndGlobalSection
EndGlobal
